{
  "lib/forge-std": {
    "rev": "77041d2ce690e692d6e03cc812b57d1ddaa4d505"
  },
  "lib/metamorpho": {
    "rev": "00da9ad27da8051bce663eeac02f3b9c0c0aa8d8"
  },
  "lib/metamorpho-v1.1": {
    "rev": "2d160ba9bb945ca3bf12efb182427445dce59c27"
  },
  "lib/morpho-blue": {
    "rev": "cf3f0ce68db99421bcd808d505cfe49d61f4eaa0"
  },
  "lib/morpho-blue-irm": {
    "rev": "2bce6da3ebe910ceeec963781aa3f4b4322c296e"
  },
  "lib/openzeppelin-contracts": {
    "rev": "b72e3da0ec1f47e4a7911a4c06dc92e78c646607"
  }
}